
Microsoft Visual Studio Solution File, Format Version 12.00
# Visual Studio Version 16
VisualStudioVersion = 16.0.29609.76
MinimumVisualStudioVersion = 10.0.40219.1
Project("{FAE04EC0-301F-11D3-BF4B-00C04F79EFBC}") = "exoPersonneForm", "exoPersonneForm\exoPersonneForm.csproj", "{471A0ED5-7284-44CE-9805-EAF5387C64BF}"
EndProject
Global
	GlobalSection(SolutionConfigurationPlatforms) = preSolution
		Debug|Any CPU = Debug|Any CPU
		Release|Any CPU = Release|Any CPU
	EndGlobalSection
	GlobalSection(ProjectConfigurationPlatforms) = postSolution
		{471A0ED5-7284-44CE-9805-EAF5387C64BF}.Debug|Any CPU.ActiveCfg = Debug|Any CPU
		{471A0ED5-7284-44CE-9805-EAF5387C64BF}.Debug|Any CPU.Build.0 = Debug|Any CPU
		{471A0ED5-7284-44CE-9805-EAF5387C64BF}.Release|Any CPU.ActiveCfg = Release|Any CPU
		{471A0ED5-7284-44CE-9805-EAF5387C64BF}.Release|Any CPU.Build.0 = Release|Any CPU
	EndGlobalSection
	GlobalSection(SolutionProperties) = preSolution
		HideSolutionNode = FALSE
	EndGlobalSection
	GlobalSection(ExtensibilityGlobals) = postSolution
		SolutionGuid = {C705984B-6939-4006-963A-6058523FF187}
	EndGlobalSection
EndGlobal
